// !$*UTF8*$!
{
	archiveVersion = 1;
	classes = {
	};
	objectVersion = 46;
	objects = {

/* Begin PBXBuildFile section */
		CE13761D1ADBFDA600101896 /* main.m in Sources */ = {isa = PBXBuildFile; fileRef = CE13761C1ADBFDA600101896 /* main.m */; };
		CE1376201ADBFDA600101896 /* AppDelegate.m in Sources */ = {isa = PBXBuildFile; fileRef = CE13761F1ADBFDA600101896 /* AppDelegate.m */; };
		CE1376231ADBFDA600101896 /* WatchGame.xcdatamodeld in Sources */ = {isa = PBXBuildFile; fileRef = CE1376211ADBFDA600101896 /* WatchGame.xcdatamodeld */; };
		CE1376261ADBFDA600101896 /* ViewController.m in Sources */ = {isa = PBXBuildFile; fileRef = CE1376251ADBFDA600101896 /* ViewController.m */; };
		CE1376291ADBFDA600101896 /* Main.storyboard in Resources */ = {isa = PBXBuildFile; fileRef = CE1376271ADBFDA600101896 /* Main.storyboard */; };
		CE13762B1ADBFDA600101896 /* Images.xcassets in Resources */ = {isa = PBXBuildFile; fileRef = CE13762A1ADBFDA600101896 /* Images.xcassets */; };
		CE13762E1ADBFDA600101896 /* LaunchScreen.xib in Resources */ = {isa = PBXBuildFile; fileRef = CE13762C1ADBFDA600101896 /* LaunchScreen.xib */; };
		CE13763A1ADBFDA600101896 /* WatchGameTests.m in Sources */ = {isa = PBXBuildFile; fileRef = CE1376391ADBFDA600101896 /* WatchGameTests.m */; };
		CE13764E1ADBFDB800101896 /* InterfaceController.m in Sources */ = {isa = PBXBuildFile; fileRef = CE13764D1ADBFDB800101896 /* InterfaceController.m */; };
		CE1376511ADBFDB800101896 /* NotificationController.m in Sources */ = {isa = PBXBuildFile; fileRef = CE1376501ADBFDB800101896 /* NotificationController.m */; };
		CE1376531ADBFDB800101896 /* Images.xcassets in Resources */ = {isa = PBXBuildFile; fileRef = CE1376521ADBFDB800101896 /* Images.xcassets */; };
		CE1376571ADBFDB800101896 /* WatchGame WatchKit App.app in Resources */ = {isa = PBXBuildFile; fileRef = CE1376561ADBFDB800101896 /* WatchGame WatchKit App.app */; };
		CE13765F1ADBFDB900101896 /* Interface.storyboard in Resources */ = {isa = PBXBuildFile; fileRef = CE13765D1ADBFDB900101896 /* Interface.storyboard */; };
		CE1376611ADBFDB900101896 /* Images.xcassets in Resources */ = {isa = PBXBuildFile; fileRef = CE1376601ADBFDB900101896 /* Images.xcassets */; };
		CE1376641ADBFDB900101896 /* WatchGame WatchKit Extension.appex in Embed App Extensions */ = {isa = PBXBuildFile; fileRef = CE1376471ADBFDB800101896 /* WatchGame WatchKit Extension.appex */; settings = {ATTRIBUTES = (RemoveHeadersOnCopy, ); }; };
/* End PBXBuildFile section */

/* Begin PBXContainerItemProxy section */
		CE1376341ADBFDA600101896 /* PBXContainerItemProxy */ = {
			isa = PBXContainerItemProxy;
			containerPortal = CE13760F1ADBFDA500101896 /* Project object */;
			proxyType = 1;
			remoteGlobalIDString = CE1376161ADBFDA600101896;
			remoteInfo = WatchGame;
		};
		CE1376581ADBFDB800101896 /* PBXContainerItemProxy */ = {
			isa = PBXContainerItemProxy;
			containerPortal = CE13760F1ADBFDA500101896 /* Project object */;
			proxyType = 1;
			remoteGlobalIDString = CE1376551ADBFDB800101896;
			remoteInfo = "WatchGame WatchKit App";
		};
		CE1376621ADBFDB900101896 /* PBXContainerItemProxy */ = {
			isa = PBXContainerItemProxy;
			containerPortal = CE13760F1ADBFDA500101896 /* Project object */;
			proxyType = 1;
			remoteGlobalIDString = CE1376461ADBFDB800101896;
			remoteInfo = "WatchGame WatchKit Extension";
		};
/* End PBXContainerItemProxy section */

/* Begin PBXCopyFilesBuildPhase section */
		CE13766B1ADBFDB900101896 /* Embed App Extensions */ = {
			isa = PBXCopyFilesBuildPhase;
			buildActionMask = 2147483647;
			dstPath = "";
			dstSubfolderSpec = 13;
			files = (
				CE1376641ADBFDB900101896 /* WatchGame WatchKit Extension.appex in Embed App Extensions */,
			);
			name = "Embed App Extensions";
			runOnlyForDeploymentPostprocessing = 0;
		};
/* End PBXCopyFilesBuildPhase section */

/* Begin PBXFileReference section */
		CE1376171ADBFDA600101896 /* WatchGame.app */ = {isa = PBXFileReference; explicitFileType = wrapper.application; includeInIndex = 0; path = WatchGame.app; sourceTree = BUILT_PRODUCTS_DIR; };
		CE13761B1ADBFDA600101896 /* Info.plist */ = {isa = PBXFileReference; lastKnownFileType = text.plist.xml; path = Info.plist; sourceTree = "<group>"; };
		CE13761C1ADBFDA600101896 /* main.m */ = {isa = PBXFileReference; lastKnownFileType = sourcecode.c.objc; path = main.m; sourceTree = "<group>"; };
		CE13761E1ADBFDA600101896 /* AppDelegate.h */ = {isa = PBXFileReference; lastKnownFileType = sourcecode.c.h; path = AppDelegate.h; sourceTree = "<group>"; };
		CE13761F1ADBFDA600101896 /* AppDelegate.m */ = {isa = PBXFileReference; lastKnownFileType = sourcecode.c.objc; path = AppDelegate.m; sourceTree = "<group>"; };
		CE1376221ADBFDA600101896 /* WatchGame.xcdatamodel */ = {isa = PBXFileReference; lastKnownFileType = wrapper.xcdatamodel; path = WatchGame.xcdatamodel; sourceTree = "<group>"; };
		CE1376241ADBFDA600101896 /* ViewController.h */ = {isa = PBXFileReference; lastKnownFileType = sourcecode.c.h; path = ViewController.h; sourceTree = "<group>"; };
		CE1376251ADBFDA600101896 /* ViewController.m */ = {isa = PBXFileReference; lastKnownFileType = sourcecode.c.objc; path = ViewController.m; sourceTree = "<group>"; };
		CE1376281ADBFDA600101896 /* Base */ = {isa = PBXFileReference; lastKnownFileType = file.storyboard; name = Base; path = Base.lproj/Main.storyboard; sourceTree = "<group>"; };
		CE13762A1ADBFDA600101896 /* Images.xcassets */ = {isa = PBXFileReference; lastKnownFileType = folder.assetcatalog; path = Images.xcassets; sourceTree = "<group>"; };
		CE13762D1ADBFDA600101896 /* Base */ = {isa = PBXFileReference; lastKnownFileType = file.xib; name = Base; path = Base.lproj/LaunchScreen.xib; sourceTree = "<group>"; };
		CE1376331ADBFDA600101896 /* WatchGameTests.xctest */ = {isa = PBXFileReference; explicitFileType = wrapper.cfbundle; includeInIndex = 0; path = WatchGameTests.xctest; sourceTree = BUILT_PRODUCTS_DIR; };
		CE1376381ADBFDA600101896 /* Info.plist */ = {isa = PBXFileReference; lastKnownFileType = text.plist.xml; path = Info.plist; sourceTree = "<group>"; };
		CE1376391ADBFDA600101896 /* WatchGameTests.m */ = {isa = PBXFileReference; lastKnownFileType = sourcecode.c.objc; path = WatchGameTests.m; sourceTree = "<group>"; };
		CE1376471ADBFDB800101896 /* WatchGame WatchKit Extension.appex */ = {isa = PBXFileReference; explicitFileType = "wrapper.app-extension"; includeInIndex = 0; path = "WatchGame WatchKit Extension.appex"; sourceTree = BUILT_PRODUCTS_DIR; };
		CE13764A1ADBFDB800101896 /* Info.plist */ = {isa = PBXFileReference; lastKnownFileType = text.plist.xml; path = Info.plist; sourceTree = "<group>"; };
		CE13764B1ADBFDB800101896 /* PushNotificationPayload.apns */ = {isa = PBXFileReference; lastKnownFileType = text; path = PushNotificationPayload.apns; sourceTree = "<group>"; };
		CE13764C1ADBFDB800101896 /* InterfaceController.h */ = {isa = PBXFileReference; lastKnownFileType = sourcecode.c.h; path = InterfaceController.h; sourceTree = "<group>"; };
		CE13764D1ADBFDB800101896 /* InterfaceController.m */ = {isa = PBXFileReference; lastKnownFileType = sourcecode.c.objc; path = InterfaceController.m; sourceTree = "<group>"; };
		CE13764F1ADBFDB800101896 /* NotificationController.h */ = {isa = PBXFileReference; lastKnownFileType = sourcecode.c.h; path = NotificationController.h; sourceTree = "<group>"; };
		CE1376501ADBFDB800101896 /* NotificationController.m */ = {isa = PBXFileReference; lastKnownFileType = sourcecode.c.objc; path = NotificationController.m; sourceTree = "<group>"; };
		CE1376521ADBFDB800101896 /* Images.xcassets */ = {isa = PBXFileReference; lastKnownFileType = folder.assetcatalog; path = Images.xcassets; sourceTree = "<group>"; };
		CE1376561ADBFDB800101896 /* WatchGame WatchKit App.app */ = {isa = PBXFileReference; explicitFileType = wrapper.application; includeInIndex = 0; path = "WatchGame WatchKit App.app"; sourceTree = BUILT_PRODUCTS_DIR; };
		CE13765C1ADBFDB800101896 /* Info.plist */ = {isa = PBXFileReference; lastKnownFileType = text.plist.xml; path = Info.plist; sourceTree = "<group>"; };
		CE13765E1ADBFDB900101896 /* Base */ = {isa = PBXFileReference; lastKnownFileType = file.storyboard; name = Base; path = Base.lproj/Interface.storyboard; sourceTree = "<group>"; };
		CE1376601ADBFDB900101896 /* Images.xcassets */ = {isa = PBXFileReference; lastKnownFileType = folder.assetcatalog; path = Images.xcassets; sourceTree = "<group>"; };
/* End PBXFileReference section */

/* Begin PBXFrameworksBuildPhase section */
		CE1376141ADBFDA600101896 /* Frameworks */ = {
			isa = PBXFrameworksBuildPhase;
			buildActionMask = 2147483647;
			files = (
			);
			runOnlyForDeploymentPostprocessing = 0;
		};
		CE1376301ADBFDA600101896 /* Frameworks */ = {
			isa = PBXFrameworksBuildPhase;
			buildActionMask = 2147483647;
			files = (
			);
			runOnlyForDeploymentPostprocessing = 0;
		};
		CE1376441ADBFDB800101896 /* Frameworks */ = {
			isa = PBXFrameworksBuildPhase;
			buildActionMask = 2147483647;
			files = (
			);
			runOnlyForDeploymentPostprocessing = 0;
		};
/* End PBXFrameworksBuildPhase section */

/* Begin PBXGroup section */
		CE13760E1ADBFDA500101896 = {
			isa = PBXGroup;
			children = (
				CE1376191ADBFDA600101896 /* WatchGame */,
				CE1376361ADBFDA600101896 /* WatchGameTests */,
				CE1376481ADBFDB800101896 /* WatchGame WatchKit Extension */,
				CE13765A1ADBFDB800101896 /* WatchGame WatchKit App */,
				CE1376181ADBFDA600101896 /* Products */,
			);
			sourceTree = "<group>";
		};
		CE1376181ADBFDA600101896 /* Products */ = {
			isa = PBXGroup;
			children = (
				CE1376171ADBFDA600101896 /* WatchGame.app */,
				CE1376331ADBFDA600101896 /* WatchGameTests.xctest */,
				CE1376471ADBFDB800101896 /* WatchGame WatchKit Extension.appex */,
				CE1376561ADBFDB800101896 /* WatchGame WatchKit App.app */,
			);
			name = Products;
			sourceTree = "<group>";
		};
		CE1376191ADBFDA600101896 /* WatchGame */ = {
			isa = PBXGroup;
			children = (
				CE13761E1ADBFDA600101896 /* AppDelegate.h */,
				CE13761F1ADBFDA600101896 /* AppDelegate.m */,
				CE1376241ADBFDA600101896 /* ViewController.h */,
				CE1376251ADBFDA600101896 /* ViewController.m */,
				CE1376271ADBFDA600101896 /* Main.storyboard */,
				CE13762A1ADBFDA600101896 /* Images.xcassets */,
				CE13762C1ADBFDA600101896 /* LaunchScreen.xib */,
				CE1376211ADBFDA600101896 /* WatchGame.xcdatamodeld */,
				CE13761A1ADBFDA600101896 /* Supporting Files */,
			);
			path = WatchGame;
			sourceTree = "<group>";
		};
		CE13761A1ADBFDA600101896 /* Supporting Files */ = {
			isa = PBXGroup;
			children = (
				CE13761B1ADBFDA600101896 /* Info.plist */,
				CE13761C1ADBFDA600101896 /* main.m */,
			);
			name = "Supporting Files";
			sourceTree = "<group>";
		};
		CE1376361ADBFDA600101896 /* WatchGameTests */ = {
			isa = PBXGroup;
			children = (
				CE1376391ADBFDA600101896 /* WatchGameTests.m */,
				CE1376371ADBFDA600101896 /* Supporting Files */,
			);
			path = WatchGameTests;
			sourceTree = "<group>";
		};
		CE1376371ADBFDA600101896 /* Supporting Files */ = {
			isa = PBXGroup;
			children = (
				CE1376381ADBFDA600101896 /* Info.plist */,
			);
			name = "Supporting Files";
			sourceTree = "<group>";
		};
		CE1376481ADBFDB800101896 /* WatchGame WatchKit Extension */ = {
			isa = PBXGroup;
			children = (
				CE13764C1ADBFDB800101896 /* InterfaceController.h */,
				CE13764D1ADBFDB800101896 /* InterfaceController.m */,
				CE13764F1ADBFDB800101896 /* NotificationController.h */,
				CE1376501ADBFDB800101896 /* NotificationController.m */,
				CE1376521ADBFDB800101896 /* Images.xcassets */,
				CE1376491ADBFDB800101896 /* Supporting Files */,
			);
			path = "WatchGame WatchKit Extension";
			sourceTree = "<group>";
		};
		CE1376491ADBFDB800101896 /* Supporting Files */ = {
			isa = PBXGroup;
			children = (
				CE13764A1ADBFDB800101896 /* Info.plist */,
				CE13764B1ADBFDB800101896 /* PushNotificationPayload.apns */,
			);
			name = "Supporting Files";
			sourceTree = "<group>";
		};
		CE13765A1ADBFDB800101896 /* WatchGame WatchKit App */ = {
			isa = PBXGroup;
			children = (
				CE13765D1ADBFDB900101896 /* Interface.storyboard */,
				CE1376601ADBFDB900101896 /* Images.xcassets */,
				CE13765B1ADBFDB800101896 /* Supporting Files */,
			);
			path = "WatchGame WatchKit App";
			sourceTree = "<group>";
		};
		CE13765B1ADBFDB800101896 /* Supporting Files */ = {
			isa = PBXGroup;
			children = (
				CE13765C1ADBFDB800101896 /* Info.plist */,
			);
			name = "Supporting Files";
			sourceTree = "<group>";
		};
/* End PBXGroup section */

/* Begin PBXNativeTarget section */
		CE1376161ADBFDA600101896 /* WatchGame */ = {
			isa = PBXNativeTarget;
			buildConfigurationList = CE13763D1ADBFDA600101896 /* Build configuration list for PBXNativeTarget "WatchGame" */;
			buildPhases = (
				CE1376131ADBFDA600101896 /* Sources */,
				CE1376141ADBFDA600101896 /* Frameworks */,
				CE1376151ADBFDA600101896 /* Resources */,
				CE13766B1ADBFDB900101896 /* Embed App Extensions */,
			);
			buildRules = (
			);
			dependencies = (
				CE1376631ADBFDB900101896 /* PBXTargetDependency */,
			);
			name = WatchGame;
			productName = WatchGame;
			productReference = CE1376171ADBFDA600101896 /* WatchGame.app */;
			productType = "com.apple.product-type.application";
		};
		CE1376321ADBFDA600101896 /* WatchGameTests */ = {
			isa = PBXNativeTarget;
			buildConfigurationList = CE1376401ADBFDA600101896 /* Build configuration list for PBXNativeTarget "WatchGameTests" */;
			buildPhases = (
				CE13762F1ADBFDA600101896 /* Sources */,
				CE1376301ADBFDA600101896 /* Frameworks */,
				CE1376311ADBFDA600101896 /* Resources */,
			);
			buildRules = (
			);
			dependencies = (
				CE1376351ADBFDA600101896 /* PBXTargetDependency */,
			);
			name = WatchGameTests;
			productName = WatchGameTests;
			productReference = CE1376331ADBFDA600101896 /* WatchGameTests.xctest */;
			productType = "com.apple.product-type.bundle.unit-test";
		};
		CE1376461ADBFDB800101896 /* WatchGame WatchKit Extension */ = {
			isa = PBXNativeTarget;
			buildConfigurationList = CE1376681ADBFDB900101896 /* Build configuration list for PBXNativeTarget "WatchGame WatchKit Extension" */;
			buildPhases = (
				CE1376431ADBFDB800101896 /* Sources */,
				CE1376441ADBFDB800101896 /* Frameworks */,
				CE1376451ADBFDB800101896 /* Resources */,
			);
			buildRules = (
			);
			dependencies = (
				CE1376591ADBFDB800101896 /* PBXTargetDependency */,
			);
			name = "WatchGame WatchKit Extension";
			productName = "WatchGame WatchKit Extension";
			productReference = CE1376471ADBFDB800101896 /* WatchGame WatchKit Extension.appex */;
			productType = "com.apple.product-type.watchkit-extension";
		};
		CE1376551ADBFDB800101896 /* WatchGame WatchKit App */ = {
			isa = PBXNativeTarget;
			buildConfigurationList = CE1376651ADBFDB900101896 /* Build configuration list for PBXNativeTarget "WatchGame WatchKit App" */;
			buildPhases = (
				CE1376541ADBFDB800101896 /* Resources */,
			);
			buildRules = (
			);
			dependencies = (
			);
			name = "WatchGame WatchKit App";
			productName = "WatchGame WatchKit App";
			productReference = CE1376561ADBFDB800101896 /* WatchGame WatchKit App.app */;
			productType = "com.apple.product-type.application.watchapp";
		};
/* End PBXNativeTarget section */

/* Begin PBXProject section */
		CE13760F1ADBFDA500101896 /* Project object */ = {
			isa = PBXProject;
			attributes = {
				LastUpgradeCheck = 0620;
				ORGANIZATIONNAME = "Herman Schaaf";
				TargetAttributes = {
					CE1376161ADBFDA600101896 = {
						CreatedOnToolsVersion = 6.2;
					};
					CE1376321ADBFDA600101896 = {
						CreatedOnToolsVersion = 6.2;
						TestTargetID = CE1376161ADBFDA600101896;
					};
					CE1376461ADBFDB800101896 = {
						CreatedOnToolsVersion = 6.2;
					};
					CE1376551ADBFDB800101896 = {
						CreatedOnToolsVersion = 6.2;
					};
				};
			};
			buildConfigurationList = CE1376121ADBFDA500101896 /* Build configuration list for PBXProject "WatchGame" */;
			compatibilityVersion = "Xcode 3.2";
			developmentRegion = English;
			hasScannedForEncodings = 0;
			knownRegions = (
				en,
				Base,
			);
			mainGroup = CE13760E1ADBFDA500101896;
			productRefGroup = CE1376181ADBFDA600101896 /* Products */;
			projectDirPath = "";
			projectRoot = "";
			targets = (
				CE1376161ADBFDA600101896 /* WatchGame */,
				CE1376321ADBFDA600101896 /* WatchGameTests */,
				CE1376461ADBFDB800101896 /* WatchGame WatchKit Extension */,
				CE1376551ADBFDB800101896 /* WatchGame WatchKit App */,
			);
		};
/* End PBXProject section */

/* Begin PBXResourcesBuildPhase section */
		CE1376151ADBFDA600101896 /* Resources */ = {
			isa = PBXResourcesBuildPhase;
			buildActionMask = 2147483647;
			files = (
				CE1376291ADBFDA600101896 /* Main.storyboard in Resources */,
				CE13762E1ADBFDA600101896 /* LaunchScreen.xib in Resources */,
				CE13762B1ADBFDA600101896 /* Images.xcassets in Resources */,
			);
			runOnlyForDeploymentPostprocessing = 0;
		};
		CE1376311ADBFDA600101896 /* Resources */ = {
			isa = PBXResourcesBuildPhase;
			buildActionMask = 2147483647;
			files = (
			);
			runOnlyForDeploymentPostprocessing = 0;
		};
		CE1376451ADBFDB800101896 /* Resources */ = {
			isa = PBXResourcesBuildPhase;
			buildActionMask = 2147483647;
			files = (
				CE1376571ADBFDB800101896 /* WatchGame WatchKit App.app in Resources */,
				CE1376531ADBFDB800101896 /* Images.xcassets in Resources */,
			);
			runOnlyForDeploymentPostprocessing = 0;
		};
		CE1376541ADBFDB800101896 /* Resources */ = {
			isa = PBXResourcesBuildPhase;
			buildActionMask = 2147483647;
			files = (
				CE13765F1ADBFDB900101896 /* Interface.storyboard in Resources */,
				CE1376611ADBFDB900101896 /* Images.xcassets in Resources */,
			);
			runOnlyForDeploymentPostprocessing = 0;
		};
/* End PBXResourcesBuildPhase section */

/* Begin PBXSourcesBuildPhase section */
		CE1376131ADBFDA600101896 /* Sources */ = {
			isa = PBXSourcesBuildPhase;
			buildActionMask = 2147483647;
			files = (
				CE1376231ADBFDA600101896 /* WatchGame.xcdatamodeld in Sources */,
				CE1376201ADBFDA600101896 /* AppDelegate.m in Sources */,
				CE1376261ADBFDA600101896 /* ViewController.m in Sources */,
				CE13761D1ADBFDA600101896 /* main.m in Sources */,
			);
			runOnlyForDeploymentPostprocessing = 0;
		};
		CE13762F1ADBFDA600101896 /* Sources */ = {
			isa = PBXSourcesBuildPhase;
			buildActionMask = 2147483647;
			files = (
				CE13763A1ADBFDA600101896 /* WatchGameTests.m in Sources */,
			);
			runOnlyForDeploymentPostprocessing = 0;
		};
		CE1376431ADBFDB800101896 /* Sources */ = {
			isa = PBXSourcesBuildPhase;
			buildActionMask = 2147483647;
			files = (
				CE1376511ADBFDB800101896 /* NotificationController.m in Sources */,
				CE13764E1ADBFDB800101896 /* InterfaceController.m in Sources */,
			);
			runOnlyForDeploymentPostprocessing = 0;
		};
/* End PBXSourcesBuildPhase section */

/* Begin PBXTargetDependency section */
		CE1376351ADBFDA600101896 /* PBXTargetDependency */ = {
			isa = PBXTargetDependency;
			target = CE1376161ADBFDA600101896 /* WatchGame */;
			targetProxy = CE1376341ADBFDA600101896 /* PBXContainerItemProxy */;
		};
		CE1376591ADBFDB800101896 /* PBXTargetDependency */ = {
			isa = PBXTargetDependency;
			target = CE1376551ADBFDB800101896 /* WatchGame WatchKit App */;
			targetProxy = CE1376581ADBFDB800101896 /* PBXContainerItemProxy */;
		};
		CE1376631ADBFDB900101896 /* PBXTargetDependency */ = {
			isa = PBXTargetDependency;
			target = CE1376461ADBFDB800101896 /* WatchGame WatchKit Extension */;
			targetProxy = CE1376621ADBFDB900101896 /* PBXContainerItemProxy */;
		};
/* End PBXTargetDependency section */

/* Begin PBXVariantGroup section */
		CE1376271ADBFDA600101896 /* Main.storyboard */ = {
			isa = PBXVariantGroup;
			children = (
				CE1376281ADBFDA600101896 /* Base */,
			);
			name = Main.storyboard;
			sourceTree = "<group>";
		};
		CE13762C1ADBFDA600101896 /* LaunchScreen.xib */ = {
			isa = PBXVariantGroup;
			children = (
				CE13762D1ADBFDA600101896 /* Base */,
			);
			name = LaunchScreen.xib;
			sourceTree = "<group>";
		};
		CE13765D1ADBFDB900101896 /* Interface.storyboard */ = {
			isa = PBXVariantGroup;
			children = (
				CE13765E1ADBFDB900101896 /* Base */,
			);
			name = Interface.storyboard;
			sourceTree = "<group>";
		};
/* End PBXVariantGroup section */

/* Begin XCBuildConfiguration section */
		CE13763B1ADBFDA600101896 /* Debug */ = {
			isa = XCBuildConfiguration;
			buildSettings = {
				ALWAYS_SEARCH_USER_PATHS = NO;
				CLANG_CXX_LANGUAGE_STANDARD = "gnu++0x";
				CLANG_CXX_LIBRARY = "libc++";
				CLANG_ENABLE_MODULES = YES;
				CLANG_ENABLE_OBJC_ARC = YES;
				CLANG_WARN_BOOL_CONVERSION = YES;
				CLANG_WARN_CONSTANT_CONVERSION = YES;
				CLANG_WARN_DIRECT_OBJC_ISA_USAGE = YES_ERROR;
				CLANG_WARN_EMPTY_BODY = YES;
				CLANG_WARN_ENUM_CONVERSION = YES;
				CLANG_WARN_INT_CONVERSION = YES;
				CLANG_WARN_OBJC_ROOT_CLASS = YES_ERROR;
				CLANG_WARN_UNREACHABLE_CODE = YES;
				CLANG_WARN__DUPLICATE_METHOD_MATCH = YES;
				"CODE_SIGN_IDENTITY[sdk=iphoneos*]" = "iPhone Developer";
				COPY_PHASE_STRIP = NO;
				ENABLE_STRICT_OBJC_MSGSEND = YES;
				GCC_C_LANGUAGE_STANDARD = gnu99;
				GCC_DYNAMIC_NO_PIC = NO;
				GCC_OPTIMIZATION_LEVEL = 0;
				GCC_PREPROCESSOR_DEFINITIONS = (
					"DEBUG=1",
					"$(inherited)",
				);
				GCC_SYMBOLS_PRIVATE_EXTERN = NO;
				GCC_WARN_64_TO_32_BIT_CONVERSION = YES;
				GCC_WARN_ABOUT_RETURN_TYPE = YES_ERROR;
				GCC_WARN_UNDECLARED_SELECTOR = YES;
				GCC_WARN_UNINITIALIZED_AUTOS = YES_AGGRESSIVE;
				GCC_WARN_UNUSED_FUNCTION = YES;
				GCC_WARN_UNUSED_VARIABLE = YES;
				IPHONEOS_DEPLOYMENT_TARGET = 8.2;
				MTL_ENABLE_DEBUG_INFO = YES;
				ONLY_ACTIVE_ARCH = YES;
				SDKROOT = iphoneos;
				TARGETED_DEVICE_FAMILY = "1,2";
			};
			name = Debug;
		};
		CE13763C1ADBFDA600101896 /* Release */ = {
			isa = XCBuildConfiguration;
			buildSettings = {
				ALWAYS_SEARCH_USER_PATHS = NO;
				CLANG_CXX_LANGUAGE_STANDARD = "gnu++0x";
				CLANG_CXX_LIBRARY = "libc++";
				CLANG_ENABLE_MODULES = YES;
				CLANG_ENABLE_OBJC_ARC = YES;
				CLANG_WARN_BOOL_CONVERSION = YES;
				CLANG_WARN_CONSTANT_CONVERSION = YES;
				CLANG_WARN_DIRECT_OBJC_ISA_USAGE = YES_ERROR;
				CLANG_WARN_EMPTY_BODY = YES;
				CLANG_WARN_ENUM_CONVERSION = YES;
				CLANG_WARN_INT_CONVERSION = YES;
				CLANG_WARN_OBJC_ROOT_CLASS = YES_ERROR;
				CLANG_WARN_UNREACHABLE_CODE = YES;
				CLANG_WARN__DUPLICATE_METHOD_MATCH = YES;
				"CODE_SIGN_IDENTITY[sdk=iphoneos*]" = "iPhone Developer";
				COPY_PHASE_STRIP = NO;
				ENABLE_NS_ASSERTIONS = NO;
				ENABLE_STRICT_OBJC_MSGSEND = YES;
				GCC_C_LANGUAGE_STANDARD = gnu99;
				GCC_WARN_64_TO_32_BIT_CONVERSION = YES;
				GCC_WARN_ABOUT_RETURN_TYPE = YES_ERROR;
				GCC_WARN_UNDECLARED_SELECTOR = YES;
				GCC_WARN_UNINITIALIZED_AUTOS = YES_AGGRESSIVE;
				GCC_WARN_UNUSED_FUNCTION = YES;
				GCC_WARN_UNUSED_VARIABLE = YES;
				IPHONEOS_DEPLOYMENT_TARGET = 8.2;
				MTL_ENABLE_DEBUG_INFO = NO;
				SDKROOT = iphoneos;
				TARGETED_DEVICE_FAMILY = "1,2";
				VALIDATE_PRODUCT = YES;
			};
			name = Release;
		};
		CE13763E1ADBFDA600101896 /* Debug */ = {
			isa = XCBuildConfiguration;
			buildSettings = {
				ASSETCATALOG_COMPILER_APPICON_NAME = AppIcon;
				INFOPLIST_FILE = WatchGame/Info.plist;
				LD_RUNPATH_SEARCH_PATHS = "$(inherited) @executable_path/Frameworks";
				PRODUCT_NAME = "$(TARGET_NAME)";
			};
			name = Debug;
		};
		CE13763F1ADBFDA600101896 /* Release */ = {
			isa = XCBuildConfiguration;
			buildSettings = {
				ASSETCATALOG_COMPILER_APPICON_NAME = AppIcon;
				INFOPLIST_FILE = WatchGame/Info.plist;
				LD_RUNPATH_SEARCH_PATHS = "$(inherited) @executable_path/Frameworks";
				PRODUCT_NAME = "$(TARGET_NAME)";
			};
			name = Release;
		};
		CE1376411ADBFDA600101896 /* Debug */ = {
			isa = XCBuildConfiguration;
			buildSettings = {
				BUNDLE_LOADER = "$(TEST_HOST)";
				FRAMEWORK_SEARCH_PATHS = (
					"$(SDKROOT)/Developer/Library/Frameworks",
					"$(inherited)",
				);
				GCC_PREPROCESSOR_DEFINITIONS = (
					"DEBUG=1",
					"$(inherited)",
				);
				INFOPLIST_FILE = WatchGameTests/Info.plist;
				LD_RUNPATH_SEARCH_PATHS = "$(inherited) @executable_path/Frameworks @loader_path/Frameworks";
				PRODUCT_NAME = "$(TARGET_NAME)";
				TEST_HOST = "$(BUILT_PRODUCTS_DIR)/WatchGame.app/WatchGame";
			};
			name = Debug;
		};
		CE1376421ADBFDA600101896 /* Release */ = {
			isa = XCBuildConfiguration;
			buildSettings = {
				BUNDLE_LOADER = "$(TEST_HOST)";
				FRAMEWORK_SEARCH_PATHS = (
					"$(SDKROOT)/Developer/Library/Frameworks",
					"$(inherited)",
				);
				INFOPLIST_FILE = WatchGameTests/Info.plist;
				LD_RUNPATH_SEARCH_PATHS = "$(inherited) @executable_path/Frameworks @loader_path/Frameworks";
				PRODUCT_NAME = "$(TARGET_NAME)";
				TEST_HOST = "$(BUILT_PRODUCTS_DIR)/WatchGame.app/WatchGame";
			};
			name = Release;
		};
		CE1376661ADBFDB900101896 /* Debug */ = {
			isa = XCBuildConfiguration;
			buildSettings = {
				ASSETCATALOG_COMPILER_APPICON_NAME = AppIcon;
				GCC_PREPROCESSOR_DEFINITIONS = (
					"DEBUG=1",
					"$(inherited)",
				);
				IBSC_MODULE = WatchGame_WatchKit_Extension;
				INFOPLIST_FILE = "WatchGame WatchKit App/Info.plist";
				PRODUCT_NAME = "$(TARGET_NAME)";
				SKIP_INSTALL = YES;
				TARGETED_DEVICE_FAMILY = 4;
				"TARGETED_DEVICE_FAMILY[sdk=iphonesimulator*]" = "1,4";
			};
			name = Debug;
		};
		CE1376671ADBFDB900101896 /* Release */ = {
			isa = XCBuildConfiguration;
			buildSettings = {
				ASSETCATALOG_COMPILER_APPICON_NAME = AppIcon;
				IBSC_MODULE = WatchGame_WatchKit_Extension;
				INFOPLIST_FILE = "WatchGame WatchKit App/Info.plist";
				PRODUCT_NAME = "$(TARGET_NAME)";
				SKIP_INSTALL = YES;
				TARGETED_DEVICE_FAMILY = 4;
				"TARGETED_DEVICE_FAMILY[sdk=iphonesimulator*]" = "1,4";
			};
			name = Release;
		};
		CE1376691ADBFDB900101896 /* Debug */ = {
			isa = XCBuildConfiguration;
			buildSettings = {
				GCC_PREPROCESSOR_DEFINITIONS = (
					"DEBUG=1",
					"$(inherited)",
				);
				INFOPLIST_FILE = "WatchGame WatchKit Extension/Info.plist";
				LD_RUNPATH_SEARCH_PATHS = "$(inherited) @executable_path/Frameworks @executable_path/../../Frameworks";
				PRODUCT_NAME = "${TARGET_NAME}";
				SKIP_INSTALL = YES;
			};
			name = Debug;
		};
		CE13766A1ADBFDB900101896 /* Release */ = {
			isa = XCBuildConfiguration;
			buildSettings = {
				INFOPLIST_FILE = "WatchGame WatchKit Extension/Info.plist";
				LD_RUNPATH_SEARCH_PATHS = "$(inherited) @executable_path/Frameworks @executable_path/../../Frameworks";
				PRODUCT_NAME = "${TARGET_NAME}";
				SKIP_INSTALL = YES;
			};
			name = Release;
		};
/* End XCBuildConfiguration section */

/* Begin XCConfigurationList section */
		CE1376121ADBFDA500101896 /* Build configuration list for PBXProject "WatchGame" */ = {
			isa = XCConfigurationList;
			buildConfigurations = (
				CE13763B1ADBFDA600101896 /* Debug */,
				CE13763C1ADBFDA600101896 /* Release */,
			);
			defaultConfigurationIsVisible = 0;
			defaultConfigurationName = Release;
		};
		CE13763D1ADBFDA600101896 /* Build configuration list for PBXNativeTarget "WatchGame" */ = {
			isa = XCConfigurationList;
			buildConfigurations = (
				CE13763E1ADBFDA600101896 /* Debug */,
				CE13763F1ADBFDA600101896 /* Release */,
			);
			defaultConfigurationIsVisible = 0;
		};
		CE1376401ADBFDA600101896 /* Build configuration list for PBXNativeTarget "WatchGameTests" */ = {
			isa = XCConfigurationList;
			buildConfigurations = (
				CE1376411ADBFDA600101896 /* Debug */,
				CE1376421ADBFDA600101896 /* Release */,
			);
			defaultConfigurationIsVisible = 0;
		};
		CE1376651ADBFDB900101896 /* Build configuration list for PBXNativeTarget "WatchGame WatchKit App" */ = {
			isa = XCConfigurationList;
			buildConfigurations = (
				CE1376661ADBFDB900101896 /* Debug */,
				CE1376671ADBFDB900101896 /* Release */,
			);
			defaultConfigurationIsVisible = 0;
		};
		CE1376681ADBFDB900101896 /* Build configuration list for PBXNativeTarget "WatchGame WatchKit Extension" */ = {
			isa = XCConfigurationList;
			buildConfigurations = (
				CE1376691ADBFDB900101896 /* Debug */,
				CE13766A1ADBFDB900101896 /* Release */,
			);
			defaultConfigurationIsVisible = 0;
		};
/* End XCConfigurationList section */

/* Begin XCVersionGroup section */
		CE1376211ADBFDA600101896 /* WatchGame.xcdatamodeld */ = {
			isa = XCVersionGroup;
			children = (
				CE1376221ADBFDA600101896 /* WatchGame.xcdatamodel */,
			);
			currentVersion = CE1376221ADBFDA600101896 /* WatchGame.xcdatamodel */;
			path = WatchGame.xcdatamodeld;
			sourceTree = "<group>";
			versionGroupType = wrapper.xcdatamodel;
		};
/* End XCVersionGroup section */
	};
	rootObject = CE13760F1ADBFDA500101896 /* Project object */;
}
